
Microsoft Visual Studio Solution File, Format Version 12.00
# Visual Studio 15
VisualStudioVersion = 15.0.28307.779
MinimumVisualStudioVersion = 10.0.40219.1
Project("{FAE04EC0-301F-11D3-BF4B-00C04F79EFBC}") = "LindaRyanFinalProject", "LindaRyanFinalProject\LindaRyanFinalProject.csproj", "{668E5693-917E-4AEE-8C94-B719E504481E}"
EndProject
Global
	GlobalSection(SolutionConfigurationPlatforms) = preSolution
		Debug|Any CPU = Debug|Any CPU
		Release|Any CPU = Release|Any CPU
	EndGlobalSection
	GlobalSection(ProjectConfigurationPlatforms) = postSolution
		{668E5693-917E-4AEE-8C94-B719E504481E}.Debug|Any CPU.ActiveCfg = Debug|Any CPU
		{668E5693-917E-4AEE-8C94-B719E504481E}.Debug|Any CPU.Build.0 = Debug|Any CPU
		{668E5693-917E-4AEE-8C94-B719E504481E}.Release|Any CPU.ActiveCfg = Release|Any CPU
		{668E5693-917E-4AEE-8C94-B719E504481E}.Release|Any CPU.Build.0 = Release|Any CPU
	EndGlobalSection
	GlobalSection(SolutionProperties) = preSolution
		HideSolutionNode = FALSE
	EndGlobalSection
	GlobalSection(ExtensibilityGlobals) = postSolution
		SolutionGuid = {FF56826C-1A9A-4B26-8347-88E8ECB87B4F}
	EndGlobalSection
EndGlobal
